
Microsoft Visual Studio Solution File, Format Version 12.00
# Visual Studio Version 17
VisualStudioVersion = 17.3.32922.545
MinimumVisualStudioVersion = 10.0.40219.1
Project("{FAE04EC0-301F-11D3-BF4B-00C04F79EFBC}") = "Battleship", "Battleship\Battleship.csproj", "{B74C8B0E-9CF8-4AB0-B491-89DF8D6C2574}"
EndProject
Global
	GlobalSection(SolutionConfigurationPlatforms) = preSolution
		Debug|Any CPU = Debug|Any CPU
		Release|Any CPU = Release|Any CPU
	EndGlobalSection
	GlobalSection(ProjectConfigurationPlatforms) = postSolution
		{B74C8B0E-9CF8-4AB0-B491-89DF8D6C2574}.Debug|Any CPU.ActiveCfg = Debug|Any CPU
		{B74C8B0E-9CF8-4AB0-B491-89DF8D6C2574}.Debug|Any CPU.Build.0 = Debug|Any CPU
		{B74C8B0E-9CF8-4AB0-B491-89DF8D6C2574}.Release|Any CPU.ActiveCfg = Release|Any CPU
		{B74C8B0E-9CF8-4AB0-B491-89DF8D6C2574}.Release|Any CPU.Build.0 = Release|Any CPU
	EndGlobalSection
	GlobalSection(SolutionProperties) = preSolution
		HideSolutionNode = FALSE
	EndGlobalSection
	GlobalSection(ExtensibilityGlobals) = postSolution
		SolutionGuid = {5CAFADEB-6AF0-48C7-B5DE-0E41BAB77C7F}
	EndGlobalSection
EndGlobal
